
Microsoft Visual Studio Solution File, Format Version 12.00
# Visual Studio Version 17
VisualStudioVersion = 17.2.32616.157
MinimumVisualStudioVersion = 10.0.40219.1
Project("{FAE04EC0-301F-11D3-BF4B-00C04F79EFBC}") = "EntityProjeUygulama", "EntityProjeUygulama.csproj", "{B3220BCE-00AA-480A-AE7B-0C1030F3139A}"
EndProject
Global
	GlobalSection(SolutionConfigurationPlatforms) = preSolution
		Debug|Any CPU = Debug|Any CPU
		Release|Any CPU = Release|Any CPU
	EndGlobalSection
	GlobalSection(ProjectConfigurationPlatforms) = postSolution
		{B3220BCE-00AA-480A-AE7B-0C1030F3139A}.Debug|Any CPU.ActiveCfg = Debug|Any CPU
		{B3220BCE-00AA-480A-AE7B-0C1030F3139A}.Debug|Any CPU.Build.0 = Debug|Any CPU
		{B3220BCE-00AA-480A-AE7B-0C1030F3139A}.Release|Any CPU.ActiveCfg = Release|Any CPU
		{B3220BCE-00AA-480A-AE7B-0C1030F3139A}.Release|Any CPU.Build.0 = Release|Any CPU
	EndGlobalSection
	GlobalSection(SolutionProperties) = preSolution
		HideSolutionNode = FALSE
	EndGlobalSection
	GlobalSection(ExtensibilityGlobals) = postSolution
		SolutionGuid = {E9D13E00-6E55-4C52-A117-D434C93058ED}
	EndGlobalSection
EndGlobal
